
Microsoft Visual Studio Solution File, Format Version 12.00
# Visual Studio Version 17
VisualStudioVersion = 17.1.32328.378
MinimumVisualStudioVersion = 10.0.40219.1
Project("{FAE04EC0-301F-11D3-BF4B-00C04F79EFBC}") = "ContactDetails", "ContactDetails.csproj", "{314BD305-D87F-4525-9636-6B675680E737}"
EndProject
Global
	GlobalSection(SolutionConfigurationPlatforms) = preSolution
		Debug|Any CPU = Debug|Any CPU
		Release|Any CPU = Release|Any CPU
	EndGlobalSection
	GlobalSection(ProjectConfigurationPlatforms) = postSolution
		{314BD305-D87F-4525-9636-6B675680E737}.Debug|Any CPU.ActiveCfg = Debug|Any CPU
		{314BD305-D87F-4525-9636-6B675680E737}.Debug|Any CPU.Build.0 = Debug|Any CPU
		{314BD305-D87F-4525-9636-6B675680E737}.Release|Any CPU.ActiveCfg = Release|Any CPU
		{314BD305-D87F-4525-9636-6B675680E737}.Release|Any CPU.Build.0 = Release|Any CPU
	EndGlobalSection
	GlobalSection(SolutionProperties) = preSolution
		HideSolutionNode = FALSE
	EndGlobalSection
	GlobalSection(ExtensibilityGlobals) = postSolution
		SolutionGuid = {0CF52124-C8EB-4393-BD6E-4A0E9CCEAEF7}
	EndGlobalSection
EndGlobal
